
Microsoft Visual Studio Solution File, Format Version 12.00
# Visual Studio Version 16
VisualStudioVersion = 16.0.31321.278
MinimumVisualStudioVersion = 10.0.40219.1
Project("{FAE04EC0-301F-11D3-BF4B-00C04F79EFBC}") = "AppLogger", "AppLogger.csproj", "{CEF6C69C-E456-4A9D-89DA-8B8D4B2CA04B}"
EndProject
Global
	GlobalSection(SolutionConfigurationPlatforms) = preSolution
		Debug|Any CPU = Debug|Any CPU
		Release|Any CPU = Release|Any CPU
	EndGlobalSection
	GlobalSection(ProjectConfigurationPlatforms) = postSolution
		{CEF6C69C-E456-4A9D-89DA-8B8D4B2CA04B}.Debug|Any CPU.ActiveCfg = Debug|Any CPU
		{CEF6C69C-E456-4A9D-89DA-8B8D4B2CA04B}.Debug|Any CPU.Build.0 = Debug|Any CPU
		{CEF6C69C-E456-4A9D-89DA-8B8D4B2CA04B}.Release|Any CPU.ActiveCfg = Release|Any CPU
		{CEF6C69C-E456-4A9D-89DA-8B8D4B2CA04B}.Release|Any CPU.Build.0 = Release|Any CPU
	EndGlobalSection
	GlobalSection(SolutionProperties) = preSolution
		HideSolutionNode = FALSE
	EndGlobalSection
	GlobalSection(ExtensibilityGlobals) = postSolution
		SolutionGuid = {DCA61238-1C18-44F3-BAEC-039324E2AEC0}
	EndGlobalSection
EndGlobal
